
Microsoft Visual Studio Solution File, Format Version 12.00
# Visual Studio Version 16
VisualStudioVersion = 16.0.31005.135
MinimumVisualStudioVersion = 10.0.40219.1
Project("{FAE04EC0-301F-11D3-BF4B-00C04F79EFBC}") = "Producer", "Producer\Producer.csproj", "{A03E4E4A-A20F-4341-8126-705F1AD049B7}"
EndProject
Project("{FAE04EC0-301F-11D3-BF4B-00C04F79EFBC}") = "Consumer", "Consumer\Consumer.csproj", "{23E55684-4781-4CFB-B6A1-54D12FD9A288}"
EndProject
Global
	GlobalSection(SolutionConfigurationPlatforms) = preSolution
		Debug|Any CPU = Debug|Any CPU
		Release|Any CPU = Release|Any CPU
	EndGlobalSection
	GlobalSection(ProjectConfigurationPlatforms) = postSolution
		{A03E4E4A-A20F-4341-8126-705F1AD049B7}.Debug|Any CPU.ActiveCfg = Debug|Any CPU
		{A03E4E4A-A20F-4341-8126-705F1AD049B7}.Debug|Any CPU.Build.0 = Debug|Any CPU
		{A03E4E4A-A20F-4341-8126-705F1AD049B7}.Release|Any CPU.ActiveCfg = Release|Any CPU
		{A03E4E4A-A20F-4341-8126-705F1AD049B7}.Release|Any CPU.Build.0 = Release|Any CPU
		{23E55684-4781-4CFB-B6A1-54D12FD9A288}.Debug|Any CPU.ActiveCfg = Debug|Any CPU
		{23E55684-4781-4CFB-B6A1-54D12FD9A288}.Debug|Any CPU.Build.0 = Debug|Any CPU
		{23E55684-4781-4CFB-B6A1-54D12FD9A288}.Release|Any CPU.ActiveCfg = Release|Any CPU
		{23E55684-4781-4CFB-B6A1-54D12FD9A288}.Release|Any CPU.Build.0 = Release|Any CPU
	EndGlobalSection
	GlobalSection(SolutionProperties) = preSolution
		HideSolutionNode = FALSE
	EndGlobalSection
	GlobalSection(ExtensibilityGlobals) = postSolution
		SolutionGuid = {C3E56E9C-F9C4-428C-93AD-159E213C662D}
	EndGlobalSection
EndGlobal
