
Microsoft Visual Studio Solution File, Format Version 12.00
# Visual Studio Version 16
VisualStudioVersion = 16.0.31005.135
MinimumVisualStudioVersion = 10.0.40219.1
Project("{2150E333-8FDC-42A3-9474-1A3956D46DE8}") = "Domain", "Domain", "{C14ACF3D-1692-4508-BD17-508DC7F09EB5}"
EndProject
Project("{2150E333-8FDC-42A3-9474-1A3956D46DE8}") = "Infra.Bus", "Infra.Bus", "{EB2BDBE1-BF79-42BF-8353-67DC0B4F2C4B}"
EndProject
Project("{2150E333-8FDC-42A3-9474-1A3956D46DE8}") = "Infra.IoC", "Infra.IoC", "{758E17EC-EE57-4104-9EAB-050A68A7F106}"
EndProject
Project("{2150E333-8FDC-42A3-9474-1A3956D46DE8}") = "Microservices", "Microservices", "{FBE5B365-2E07-4ABE-968D-FB9B03526365}"
EndProject
Project("{2150E333-8FDC-42A3-9474-1A3956D46DE8}") = "Presentation", "Presentation", "{F169BBDD-1096-42B9-ACE1-504E15D63454}"
EndProject
Project("{9A19103F-16F7-4668-BE54-9A1E7A4F7556}") = "MicroRabbitMQ.Domain.Core", "MicroRabbitMQ.Domain.Core\MicroRabbitMQ.Domain.Core.csproj", "{B6384A26-60FB-47A2-8EB8-DF1F17254278}"
EndProject
Project("{9A19103F-16F7-4668-BE54-9A1E7A4F7556}") = "MicroRabbit.Infra.Bus", "MicroRabbit.Infra.Bus\MicroRabbit.Infra.Bus.csproj", "{FC909AF5-4E82-4314-B44F-D255A9B0234A}"
EndProject
Project("{9A19103F-16F7-4668-BE54-9A1E7A4F7556}") = "MicroRabbitMQ.Infra.IoC", "MicroRabbitMQ.Infra.IoC\MicroRabbitMQ.Infra.IoC.csproj", "{8389FA6E-443A-4919-9584-D003010C8117}"
EndProject
Project("{2150E333-8FDC-42A3-9474-1A3956D46DE8}") = "Api", "Api", "{05544E2C-AE99-4699-B43E-3C49DA1044A2}"
EndProject
Project("{2150E333-8FDC-42A3-9474-1A3956D46DE8}") = "Data", "Data", "{B2788298-1B23-4ABD-836C-C1416A86CC79}"
EndProject
Project("{2150E333-8FDC-42A3-9474-1A3956D46DE8}") = "Domain", "Domain", "{81840922-5D4C-4BC7-96F2-9E6E5593CB4B}"
EndProject
Project("{2150E333-8FDC-42A3-9474-1A3956D46DE8}") = "Application", "Application", "{A47A2774-C6A6-48D3-90E8-022D23711873}"
EndProject
Project("{2150E333-8FDC-42A3-9474-1A3956D46DE8}") = "Banking", "Banking", "{72C579C9-E589-4561-BDF0-DC22F9857E11}"
EndProject
Project("{FAE04EC0-301F-11D3-BF4B-00C04F79EFBC}") = "MicroRabbit.Banking.Api", "MicroRabbit.Banking.Api\MicroRabbit.Banking.Api.csproj", "{26E599A9-9090-4D06-AAAB-9582042791E6}"
EndProject
Project("{FAE04EC0-301F-11D3-BF4B-00C04F79EFBC}") = "MicroRabbit.Bangking.Application", "MicroRabbit.Bangking.Application\MicroRabbit.Bangking.Application.csproj", "{E01EA1BC-A6C1-4D86-8437-E02412AA231F}"
EndProject
Project("{FAE04EC0-301F-11D3-BF4B-00C04F79EFBC}") = "MicroRabbit.Banking.Data", "MicroRabbit.Banking.Data\MicroRabbit.Banking.Data.csproj", "{30D52664-BB92-4F10-A480-58EDB6223609}"
EndProject
Project("{FAE04EC0-301F-11D3-BF4B-00C04F79EFBC}") = "MicroRabbit.Banking.Domain", "MicroRabbit.Banking.Domain\MicroRabbit.Banking.Domain.csproj", "{E7E32AB3-F971-47FD-B3ED-CA2D3A73E665}"
EndProject
Global
	GlobalSection(SolutionConfigurationPlatforms) = preSolution
		Debug|Any CPU = Debug|Any CPU
		Release|Any CPU = Release|Any CPU
	EndGlobalSection
	GlobalSection(ProjectConfigurationPlatforms) = postSolution
		{B6384A26-60FB-47A2-8EB8-DF1F17254278}.Debug|Any CPU.ActiveCfg = Debug|Any CPU
		{B6384A26-60FB-47A2-8EB8-DF1F17254278}.Debug|Any CPU.Build.0 = Debug|Any CPU
		{B6384A26-60FB-47A2-8EB8-DF1F17254278}.Release|Any CPU.ActiveCfg = Release|Any CPU
		{B6384A26-60FB-47A2-8EB8-DF1F17254278}.Release|Any CPU.Build.0 = Release|Any CPU
		{FC909AF5-4E82-4314-B44F-D255A9B0234A}.Debug|Any CPU.ActiveCfg = Debug|Any CPU
		{FC909AF5-4E82-4314-B44F-D255A9B0234A}.Debug|Any CPU.Build.0 = Debug|Any CPU
		{FC909AF5-4E82-4314-B44F-D255A9B0234A}.Release|Any CPU.ActiveCfg = Release|Any CPU
		{FC909AF5-4E82-4314-B44F-D255A9B0234A}.Release|Any CPU.Build.0 = Release|Any CPU
		{8389FA6E-443A-4919-9584-D003010C8117}.Debug|Any CPU.ActiveCfg = Debug|Any CPU
		{8389FA6E-443A-4919-9584-D003010C8117}.Debug|Any CPU.Build.0 = Debug|Any CPU
		{8389FA6E-443A-4919-9584-D003010C8117}.Release|Any CPU.ActiveCfg = Release|Any CPU
		{8389FA6E-443A-4919-9584-D003010C8117}.Release|Any CPU.Build.0 = Release|Any CPU
		{26E599A9-9090-4D06-AAAB-9582042791E6}.Debug|Any CPU.ActiveCfg = Debug|Any CPU
		{26E599A9-9090-4D06-AAAB-9582042791E6}.Debug|Any CPU.Build.0 = Debug|Any CPU
		{26E599A9-9090-4D06-AAAB-9582042791E6}.Release|Any CPU.ActiveCfg = Release|Any CPU
		{26E599A9-9090-4D06-AAAB-9582042791E6}.Release|Any CPU.Build.0 = Release|Any CPU
		{E01EA1BC-A6C1-4D86-8437-E02412AA231F}.Debug|Any CPU.ActiveCfg = Debug|Any CPU
		{E01EA1BC-A6C1-4D86-8437-E02412AA231F}.Debug|Any CPU.Build.0 = Debug|Any CPU
		{E01EA1BC-A6C1-4D86-8437-E02412AA231F}.Release|Any CPU.ActiveCfg = Release|Any CPU
		{E01EA1BC-A6C1-4D86-8437-E02412AA231F}.Release|Any CPU.Build.0 = Release|Any CPU
		{30D52664-BB92-4F10-A480-58EDB6223609}.Debug|Any CPU.ActiveCfg = Debug|Any CPU
		{30D52664-BB92-4F10-A480-58EDB6223609}.Debug|Any CPU.Build.0 = Debug|Any CPU
		{30D52664-BB92-4F10-A480-58EDB6223609}.Release|Any CPU.ActiveCfg = Release|Any CPU
		{30D52664-BB92-4F10-A480-58EDB6223609}.Release|Any CPU.Build.0 = Release|Any CPU
		{E7E32AB3-F971-47FD-B3ED-CA2D3A73E665}.Debug|Any CPU.ActiveCfg = Debug|Any CPU
		{E7E32AB3-F971-47FD-B3ED-CA2D3A73E665}.Debug|Any CPU.Build.0 = Debug|Any CPU
		{E7E32AB3-F971-47FD-B3ED-CA2D3A73E665}.Release|Any CPU.ActiveCfg = Release|Any CPU
		{E7E32AB3-F971-47FD-B3ED-CA2D3A73E665}.Release|Any CPU.Build.0 = Release|Any CPU
	EndGlobalSection
	GlobalSection(SolutionProperties) = preSolution
		HideSolutionNode = FALSE
	EndGlobalSection
	GlobalSection(NestedProjects) = preSolution
		{B6384A26-60FB-47A2-8EB8-DF1F17254278} = {C14ACF3D-1692-4508-BD17-508DC7F09EB5}
		{FC909AF5-4E82-4314-B44F-D255A9B0234A} = {EB2BDBE1-BF79-42BF-8353-67DC0B4F2C4B}
		{8389FA6E-443A-4919-9584-D003010C8117} = {758E17EC-EE57-4104-9EAB-050A68A7F106}
		{05544E2C-AE99-4699-B43E-3C49DA1044A2} = {72C579C9-E589-4561-BDF0-DC22F9857E11}
		{B2788298-1B23-4ABD-836C-C1416A86CC79} = {72C579C9-E589-4561-BDF0-DC22F9857E11}
		{81840922-5D4C-4BC7-96F2-9E6E5593CB4B} = {72C579C9-E589-4561-BDF0-DC22F9857E11}
		{A47A2774-C6A6-48D3-90E8-022D23711873} = {72C579C9-E589-4561-BDF0-DC22F9857E11}
		{72C579C9-E589-4561-BDF0-DC22F9857E11} = {FBE5B365-2E07-4ABE-968D-FB9B03526365}
		{26E599A9-9090-4D06-AAAB-9582042791E6} = {05544E2C-AE99-4699-B43E-3C49DA1044A2}
		{E01EA1BC-A6C1-4D86-8437-E02412AA231F} = {A47A2774-C6A6-48D3-90E8-022D23711873}
		{30D52664-BB92-4F10-A480-58EDB6223609} = {B2788298-1B23-4ABD-836C-C1416A86CC79}
		{E7E32AB3-F971-47FD-B3ED-CA2D3A73E665} = {81840922-5D4C-4BC7-96F2-9E6E5593CB4B}
	EndGlobalSection
	GlobalSection(ExtensibilityGlobals) = postSolution
		SolutionGuid = {1FA19553-C165-4C67-8344-062D419C2589}
	EndGlobalSection
EndGlobal
